{
  "version": 4,
  "terraform_version": "1.6.6",
  "serial": 20,
  "lineage": "43f6f905-ac01-a25a-2243-471c1cbc3e50",
  "outputs": {
    "ip-private-backend": {
      "value": [
        "10.3.0.4"
      ],
      "type": [
        "list",
        "string"
      ]
    },
    "ip-private-fe": {
      "value": [
        "10.2.0.3"
      ],
      "type": [
        "list",
        "string"
      ]
    },
    "ip-public-backend": {
      "value": [
        [
          "34.101.238.179"
        ]
      ],
      "type": [
        "list",
        [
          "list",
          "string"
        ]
      ]
    },
    "ip-public-fe": {
      "value": [
        [
          ""
        ]
      ],
      "type": [
        "list",
        [
          "list",
          "string"
        ]
      ]
    }
  },
  "resources": [
    {
      "mode": "data",
      "type": "google_compute_instance",
      "name": "vm-datasource",
      "provider": "provider[\"registry.terraform.io/hashicorp/google\"]",
      "instances": [
        {
          "schema_version": 0,
          "attributes": {
            "advanced_machine_features": null,
            "allow_stopping_for_update": null,
            "attached_disk": [],
            "boot_disk": [
              {
                "auto_delete": true,
                "device_name": "vm-datasource",
                "disk_encryption_key_raw": "",
                "disk_encryption_key_sha256": "",
                "initialize_params": [
                  {
                    "image": "https://www.googleapis.com/compute/v1/projects/debian-cloud/global/images/debian-11-bullseye-v20231212",
                    "labels": {},
                    "resource_manager_tags": {},
                    "size": 10,
                    "type": "pd-ssd"
                  }
                ],
                "kms_key_self_link": "",
                "mode": "READ_WRITE",
                "source": "https://www.googleapis.com/compute/v1/projects/level-district-407913/zones/asia-southeast2-a/disks/vm-datasource"
              }
            ],
            "can_ip_forward": false,
            "confidential_instance_config": null,
            "cpu_platform": "Intel Broadwell",
            "current_status": "RUNNING",
            "deletion_protection": false,
            "description": null,
            "desired_status": null,
            "effective_labels": null,
            "enable_display": false,
            "guest_accelerator": [],
            "hostname": null,
            "id": "projects/level-district-407913/zones/asia-southeast2-a/instances/vm-datasource",
            "instance_id": "3659265873945545454",
            "label_fingerprint": "42WmSpB8rSM=",
            "labels": {},
            "machine_type": "e2-medium",
            "metadata": {},
            "metadata_fingerprint": "6oXUpYD84W0=",
            "metadata_startup_script": null,
            "min_cpu_platform": "",
            "name": "vm-datasource",
            "network_interface": [
              {
                "access_config": [
                  {
                    "nat_ip": "34.101.56.22",
                    "network_tier": "PREMIUM",
                    "public_ptr_domain_name": ""
                  }
                ],
                "alias_ip_range": [],
                "internal_ipv6_prefix_length": 0,
                "ipv6_access_config": [],
                "ipv6_access_type": "",
                "ipv6_address": "",
                "name": "nic0",
                "network": "https://www.googleapis.com/compute/v1/projects/level-district-407913/global/networks/default",
                "network_ip": "10.184.0.20",
                "nic_type": "",
                "queue_count": 0,
                "stack_type": "IPV4_ONLY",
                "subnetwork": "https://www.googleapis.com/compute/v1/projects/level-district-407913/regions/asia-southeast2/subnetworks/default",
                "subnetwork_project": "level-district-407913"
              }
            ],
            "network_performance_config": null,
            "params": null,
            "project": "level-district-407913",
            "reservation_affinity": null,
            "resource_policies": null,
            "scheduling": [
              {
                "automatic_restart": true,
                "instance_termination_action": "",
                "local_ssd_recovery_timeout": [],
                "min_node_cpus": 0,
                "node_affinities": [],
                "on_host_maintenance": "MIGRATE",
                "preemptible": false,
                "provisioning_model": "STANDARD"
              }
            ],
            "scratch_disk": [],
            "self_link": "https://www.googleapis.com/compute/v1/projects/level-district-407913/zones/asia-southeast2-a/instances/vm-datasource",
            "service_account": [
              {
                "email": "412507922939-compute@developer.gserviceaccount.com",
                "scopes": [
                  "https://www.googleapis.com/auth/devstorage.read_only",
                  "https://www.googleapis.com/auth/logging.write",
                  "https://www.googleapis.com/auth/monitoring.write",
                  "https://www.googleapis.com/auth/service.management.readonly",
                  "https://www.googleapis.com/auth/servicecontrol",
                  "https://www.googleapis.com/auth/trace.append"
                ]
              }
            ],
            "shielded_instance_config": [
              {
                "enable_integrity_monitoring": true,
                "enable_secure_boot": false,
                "enable_vtpm": true
              }
            ],
            "tags": [],
            "tags_fingerprint": "42WmSpB8rSM=",
            "terraform_labels": {},
            "zone": "asia-southeast2-a"
          },
          "sensitive_attributes": []
        }
      ]
    },
    {
      "mode": "data",
      "type": "google_compute_network",
      "name": "vpc-default",
      "provider": "provider[\"registry.terraform.io/hashicorp/google\"]",
      "instances": [
        {
          "schema_version": 0,
          "attributes": {
            "description": "Default network for the project",
            "gateway_ipv4": "",
            "id": "projects/level-district-407913/global/networks/default",
            "internal_ipv6_range": "",
            "name": "default",
            "project": null,
            "self_link": "https://www.googleapis.com/compute/v1/projects/level-district-407913/global/networks/default",
            "subnetworks_self_links": [
              "https://www.googleapis.com/compute/v1/projects/level-district-407913/regions/us-west2/subnetworks/default",
              "https://www.googleapis.com/compute/v1/projects/level-district-407913/regions/europe-west12/subnetworks/default",
              "https://www.googleapis.com/compute/v1/projects/level-district-407913/regions/europe-west10/subnetworks/default",
              "https://www.googleapis.com/compute/v1/projects/level-district-407913/regions/us-east5/subnetworks/default",
              "https://www.googleapis.com/compute/v1/projects/level-district-407913/regions/asia-northeast2/subnetworks/default",
              "https://www.googleapis.com/compute/v1/projects/level-district-407913/regions/me-central2/subnetworks/default",
              "https://www.googleapis.com/compute/v1/projects/level-district-407913/regions/us-east4/subnetworks/default",
              "https://www.googleapis.com/compute/v1/projects/level-district-407913/regions/asia-southeast2/subnetworks/default",
              "https://www.googleapis.com/compute/v1/projects/level-district-407913/regions/africa-south1/subnetworks/default",
              "https://www.googleapis.com/compute/v1/projects/level-district-407913/regions/asia-south1/subnetworks/default",
              "https://www.googleapis.com/compute/v1/projects/level-district-407913/regions/asia-southeast2/subnetworks/extra-subnet",
              "https://www.googleapis.com/compute/v1/projects/level-district-407913/regions/europe-west8/subnetworks/default",
              "https://www.googleapis.com/compute/v1/projects/level-district-407913/regions/asia-south2/subnetworks/default",
              "https://www.googleapis.com/compute/v1/projects/level-district-407913/regions/northamerica-northeast2/subnetworks/default",
              "https://www.googleapis.com/compute/v1/projects/level-district-407913/regions/europe-central2/subnetworks/default",
              "https://www.googleapis.com/compute/v1/projects/level-district-407913/regions/australia-southeast2/subnetworks/default",
              "https://www.googleapis.com/compute/v1/projects/level-district-407913/regions/us-west1/subnetworks/default",
              "https://www.googleapis.com/compute/v1/projects/level-district-407913/regions/asia-east2/subnetworks/default",
              "https://www.googleapis.com/compute/v1/projects/level-district-407913/regions/us-central1/subnetworks/default",
              "https://www.googleapis.com/compute/v1/projects/level-district-407913/regions/us-west4/subnetworks/default",
              "https://www.googleapis.com/compute/v1/projects/level-district-407913/regions/europe-west3/subnetworks/default",
              "https://www.googleapis.com/compute/v1/projects/level-district-407913/regions/europe-west4/subnetworks/default",
              "https://www.googleapis.com/compute/v1/projects/level-district-407913/regions/southamerica-west1/subnetworks/default",
              "https://www.googleapis.com/compute/v1/projects/level-district-407913/regions/us-east1/subnetworks/default",
              "https://www.googleapis.com/compute/v1/projects/level-district-407913/regions/europe-north1/subnetworks/default",
              "https://www.googleapis.com/compute/v1/projects/level-district-407913/regions/us-south1/subnetworks/default",
              "https://www.googleapis.com/compute/v1/projects/level-district-407913/regions/asia-east1/subnetworks/default",
              "https://www.googleapis.com/compute/v1/projects/level-district-407913/regions/asia-northeast1/subnetworks/default",
              "https://www.googleapis.com/compute/v1/projects/level-district-407913/regions/australia-southeast1/subnetworks/default",
              "https://www.googleapis.com/compute/v1/projects/level-district-407913/regions/asia-northeast3/subnetworks/default",
              "https://www.googleapis.com/compute/v1/projects/level-district-407913/regions/asia-southeast1/subnetworks/default",
              "https://www.googleapis.com/compute/v1/projects/level-district-407913/regions/us-west3/subnetworks/default",
              "https://www.googleapis.com/compute/v1/projects/level-district-407913/regions/europe-west1/subnetworks/default",
              "https://www.googleapis.com/compute/v1/projects/level-district-407913/regions/us-west8/subnetworks/default",
              "https://www.googleapis.com/compute/v1/projects/level-district-407913/regions/me-west1/subnetworks/default",
              "https://www.googleapis.com/compute/v1/projects/level-district-407913/regions/europe-southwest1/subnetworks/default",
              "https://www.googleapis.com/compute/v1/projects/level-district-407913/regions/europe-west9/subnetworks/default",
              "https://www.googleapis.com/compute/v1/projects/level-district-407913/regions/us-east7/subnetworks/default",
              "https://www.googleapis.com/compute/v1/projects/level-district-407913/regions/europe-west6/subnetworks/default",
              "https://www.googleapis.com/compute/v1/projects/level-district-407913/regions/me-central1/subnetworks/default",
              "https://www.googleapis.com/compute/v1/projects/level-district-407913/regions/northamerica-northeast1/subnetworks/default",
              "https://www.googleapis.com/compute/v1/projects/level-district-407913/regions/southamerica-east1/subnetworks/default",
              "https://www.googleapis.com/compute/v1/projects/level-district-407913/regions/europe-west2/subnetworks/default"
            ]
          },
          "sensitive_attributes": []
        }
      ]
    },
    {
      "mode": "managed",
      "type": "google_compute_instance",
      "name": "vm-app-backend",
      "provider": "provider[\"registry.terraform.io/hashicorp/google\"]",
      "instances": [
        {
          "schema_version": 6,
          "attributes": {
            "advanced_machine_features": [],
            "allow_stopping_for_update": null,
            "attached_disk": [],
            "boot_disk": [
              {
                "auto_delete": true,
                "device_name": "persistent-disk-0",
                "disk_encryption_key_raw": "",
                "disk_encryption_key_sha256": "",
                "initialize_params": [
                  {
                    "image": "https://www.googleapis.com/compute/v1/projects/ubuntu-os-cloud/global/images/ubuntu-2204-jammy-v20231213a",
                    "labels": {
                      "my_label": "ubuntu22amd64"
                    },
                    "resource_manager_tags": {},
                    "size": 10,
                    "type": "pd-ssd"
                  }
                ],
                "kms_key_self_link": "",
                "mode": "READ_WRITE",
                "source": "https://www.googleapis.com/compute/v1/projects/level-district-407913/zones/asia-southeast2-a/disks/vm-app-backend"
              }
            ],
            "can_ip_forward": false,
            "confidential_instance_config": [],
            "cpu_platform": "Intel Broadwell",
            "current_status": "RUNNING",
            "deletion_protection": false,
            "description": "",
            "desired_status": null,
            "effective_labels": {},
            "enable_display": false,
            "guest_accelerator": [],
            "hostname": "",
            "id": "projects/level-district-407913/zones/asia-southeast2-a/instances/vm-app-backend",
            "instance_id": "3953325517150238968",
            "label_fingerprint": "42WmSpB8rSM=",
            "labels": {},
            "machine_type": "e2-medium",
            "metadata": {
              "ssh_keys": "ssh-rsa AAAAB3NzaC1yc2EAAAADAQABAAABgQDac6COWfi4AMi0wZ5QkHvxSO/rFqy+kkUIwhrEC31UfTybQuINtfDWUqbqbyllAE6CZIwCo281ahRBp5v0ljC8MMaAZlgvDklMhMRT/rZoVqOnluluTw5B3msKP/fNRA4sA6nAy0F3oCylj2owv60FdxlbjqMGCHGHjlkpG/S1v9NzvrXiqUxrvrn6qNOG2E4NEWJNV1UO6l5rIeonjvrUhpgBHEk5bQXtYocgwPrGGyRvQljg25XO3Rc/o1pLIOHxk1EtUYGt+MWxxmVBc0Q1tnvriDiM8JLIbPbS//TfNsQe2pU5VdzmNCuKsRDdWVnjzax4BzDEGmG7EHiuLQWvHndX8dVBbgAn+8wIxq+lGV/w4ZyCUfm/o/DOBFTtiPrWjJLBaY8Woj2U4uN8x2vrR3lPWxQ3AqAX1A7T1zOYUoP91CpPwTd+U8lqE24Gg04xgnHAt5fxA4qfxMlIHpXDRPmo+F2EA0spOFnGEolfeP+tRuXtktyUxJUNUR30bk8= ahmadpie69@gmail.com\n"
            },
            "metadata_fingerprint": "azmcipBhZsk=",
            "metadata_startup_script": "  #!/bin/bash\n  apt update -y \u0026\u0026 sudo apt upgrade -y\n  sudo apt install nginx -y\n\n",
            "min_cpu_platform": "",
            "name": "vm-app-backend",
            "network_interface": [
              {
                "access_config": [
                  {
                    "nat_ip": "34.101.238.179",
                    "network_tier": "PREMIUM",
                    "public_ptr_domain_name": ""
                  }
                ],
                "alias_ip_range": [],
                "internal_ipv6_prefix_length": 0,
                "ipv6_access_config": [],
                "ipv6_access_type": "",
                "ipv6_address": "",
                "name": "nic0",
                "network": "https://www.googleapis.com/compute/v1/projects/level-district-407913/global/networks/vpc-app",
                "network_ip": "10.3.0.4",
                "nic_type": "",
                "queue_count": 0,
                "stack_type": "IPV4_ONLY",
                "subnetwork": "https://www.googleapis.com/compute/v1/projects/level-district-407913/regions/asia-southeast2/subnetworks/subnet-app-be",
                "subnetwork_project": "level-district-407913"
              }
            ],
            "network_performance_config": [],
            "params": [],
            "project": "level-district-407913",
            "reservation_affinity": [],
            "resource_policies": [],
            "scheduling": [
              {
                "automatic_restart": true,
                "instance_termination_action": "",
                "local_ssd_recovery_timeout": [],
                "min_node_cpus": 0,
                "node_affinities": [],
                "on_host_maintenance": "MIGRATE",
                "preemptible": false,
                "provisioning_model": "STANDARD"
              }
            ],
            "scratch_disk": [],
            "self_link": "https://www.googleapis.com/compute/v1/projects/level-district-407913/zones/asia-southeast2-a/instances/vm-app-backend",
            "service_account": [],
            "shielded_instance_config": [
              {
                "enable_integrity_monitoring": true,
                "enable_secure_boot": false,
                "enable_vtpm": true
              }
            ],
            "tags": [
              "fw-app"
            ],
            "tags_fingerprint": "jXZiV3awFF0=",
            "terraform_labels": {},
            "timeouts": null,
            "zone": "asia-southeast2-a"
          },
          "sensitive_attributes": [],
          "private": "eyJlMmJmYjczMC1lY2FhLTExZTYtOGY4OC0zNDM2M2JjN2M0YzAiOnsiY3JlYXRlIjoxMjAwMDAwMDAwMDAwLCJkZWxldGUiOjEyMDAwMDAwMDAwMDAsInVwZGF0ZSI6MTIwMDAwMDAwMDAwMH0sInNjaGVtYV92ZXJzaW9uIjoiNiJ9",
          "dependencies": [
            "google_compute_network.vpc-app",
            "google_compute_subnetwork.subnet-app-be"
          ]
        }
      ]
    },
    {
      "mode": "managed",
      "type": "google_compute_instance",
      "name": "vm-app-fe",
      "provider": "provider[\"registry.terraform.io/hashicorp/google\"]",
      "instances": [
        {
          "schema_version": 6,
          "attributes": {
            "advanced_machine_features": [],
            "allow_stopping_for_update": null,
            "attached_disk": [],
            "boot_disk": [
              {
                "auto_delete": true,
                "device_name": "persistent-disk-0",
                "disk_encryption_key_raw": "",
                "disk_encryption_key_sha256": "",
                "initialize_params": [
                  {
                    "image": "https://www.googleapis.com/compute/v1/projects/ubuntu-os-cloud/global/images/ubuntu-2204-jammy-v20231213a",
                    "labels": {
                      "my_label": "ubuntu22amd64"
                    },
                    "resource_manager_tags": {},
                    "size": 10,
                    "type": "pd-ssd"
                  }
                ],
                "kms_key_self_link": "",
                "mode": "READ_WRITE",
                "source": "https://www.googleapis.com/compute/v1/projects/level-district-407913/zones/asia-southeast2-a/disks/vm-app-fe"
              }
            ],
            "can_ip_forward": false,
            "confidential_instance_config": [],
            "cpu_platform": "Unknown CPU Platform",
            "current_status": "TERMINATED",
            "deletion_protection": false,
            "description": "",
            "desired_status": null,
            "effective_labels": {},
            "enable_display": false,
            "guest_accelerator": [],
            "hostname": "",
            "id": "projects/level-district-407913/zones/asia-southeast2-a/instances/vm-app-fe",
            "instance_id": "5074059999970056304",
            "label_fingerprint": "42WmSpB8rSM=",
            "labels": {},
            "machine_type": "e2-medium",
            "metadata": {
              "ssh_keys": "ssh-rsa AAAAB3NzaC1yc2EAAAADAQABAAABgQDac6COWfi4AMi0wZ5QkHvxSO/rFqy+kkUIwhrEC31UfTybQuINtfDWUqbqbyllAE6CZIwCo281ahRBp5v0ljC8MMaAZlgvDklMhMRT/rZoVqOnluluTw5B3msKP/fNRA4sA6nAy0F3oCylj2owv60FdxlbjqMGCHGHjlkpG/S1v9NzvrXiqUxrvrn6qNOG2E4NEWJNV1UO6l5rIeonjvrUhpgBHEk5bQXtYocgwPrGGyRvQljg25XO3Rc/o1pLIOHxk1EtUYGt+MWxxmVBc0Q1tnvriDiM8JLIbPbS//TfNsQe2pU5VdzmNCuKsRDdWVnjzax4BzDEGmG7EHiuLQWvHndX8dVBbgAn+8wIxq+lGV/w4ZyCUfm/o/DOBFTtiPrWjJLBaY8Woj2U4uN8x2vrR3lPWxQ3AqAX1A7T1zOYUoP91CpPwTd+U8lqE24Gg04xgnHAt5fxA4qfxMlIHpXDRPmo+F2EA0spOFnGEolfeP+tRuXtktyUxJUNUR30bk8= ahmadpie69@gmail.com\n"
            },
            "metadata_fingerprint": "azmcipBhZsk=",
            "metadata_startup_script": "  #!/bin/bash\n  apt update -y \u0026\u0026 sudo apt upgrade -y\n  sudo apt install nginx -y\n\n",
            "min_cpu_platform": "",
            "name": "vm-app-fe",
            "network_interface": [
              {
                "access_config": [
                  {
                    "nat_ip": "",
                    "network_tier": "PREMIUM",
                    "public_ptr_domain_name": ""
                  }
                ],
                "alias_ip_range": [],
                "internal_ipv6_prefix_length": 0,
                "ipv6_access_config": [],
                "ipv6_access_type": "",
                "ipv6_address": "",
                "name": "nic0",
                "network": "https://www.googleapis.com/compute/v1/projects/level-district-407913/global/networks/vpc-app",
                "network_ip": "10.2.0.3",
                "nic_type": "",
                "queue_count": 0,
                "stack_type": "IPV4_ONLY",
                "subnetwork": "https://www.googleapis.com/compute/v1/projects/level-district-407913/regions/asia-southeast2/subnetworks/subnet-app-fe",
                "subnetwork_project": "level-district-407913"
              }
            ],
            "network_performance_config": [],
            "params": [],
            "project": "level-district-407913",
            "reservation_affinity": [],
            "resource_policies": [],
            "scheduling": [
              {
                "automatic_restart": true,
                "instance_termination_action": "",
                "local_ssd_recovery_timeout": [],
                "min_node_cpus": 0,
                "node_affinities": [],
                "on_host_maintenance": "MIGRATE",
                "preemptible": false,
                "provisioning_model": "STANDARD"
              }
            ],
            "scratch_disk": [],
            "self_link": "https://www.googleapis.com/compute/v1/projects/level-district-407913/zones/asia-southeast2-a/instances/vm-app-fe",
            "service_account": [],
            "shielded_instance_config": [
              {
                "enable_integrity_monitoring": true,
                "enable_secure_boot": false,
                "enable_vtpm": true
              }
            ],
            "tags": [
              "fw-app",
              "ssh-access"
            ],
            "tags_fingerprint": "SQ-f3VkmVpg=",
            "terraform_labels": {},
            "timeouts": null,
            "zone": "asia-southeast2-a"
          },
          "sensitive_attributes": [],
          "private": "eyJlMmJmYjczMC1lY2FhLTExZTYtOGY4OC0zNDM2M2JjN2M0YzAiOnsiY3JlYXRlIjoxMjAwMDAwMDAwMDAwLCJkZWxldGUiOjEyMDAwMDAwMDAwMDAsInVwZGF0ZSI6MTIwMDAwMDAwMDAwMH0sInNjaGVtYV92ZXJzaW9uIjoiNiJ9",
          "dependencies": [
            "google_compute_network.vpc-app",
            "google_compute_subnetwork.subnet-app-fe"
          ]
        }
      ]
    },
    {
      "mode": "managed",
      "type": "google_compute_network",
      "name": "vpc-app",
      "provider": "provider[\"registry.terraform.io/hashicorp/google\"]",
      "instances": [
        {
          "schema_version": 0,
          "attributes": {
            "auto_create_subnetworks": false,
            "delete_default_routes_on_create": false,
            "description": "",
            "enable_ula_internal_ipv6": false,
            "gateway_ipv4": "",
            "id": "projects/level-district-407913/global/networks/vpc-app",
            "internal_ipv6_range": "",
            "mtu": 0,
            "name": "vpc-app",
            "network_firewall_policy_enforcement_order": "AFTER_CLASSIC_FIREWALL",
            "numeric_id": "5684852908361505367",
            "project": "level-district-407913",
            "routing_mode": "REGIONAL",
            "self_link": "https://www.googleapis.com/compute/v1/projects/level-district-407913/global/networks/vpc-app",
            "timeouts": null
          },
          "sensitive_attributes": [],
          "private": "eyJlMmJmYjczMC1lY2FhLTExZTYtOGY4OC0zNDM2M2JjN2M0YzAiOnsiY3JlYXRlIjoxMjAwMDAwMDAwMDAwLCJkZWxldGUiOjEyMDAwMDAwMDAwMDAsInVwZGF0ZSI6MTIwMDAwMDAwMDAwMH19"
        }
      ]
    },
    {
      "mode": "managed",
      "type": "google_compute_subnetwork",
      "name": "extra-subnet",
      "provider": "provider[\"registry.terraform.io/hashicorp/google\"]",
      "instances": [
        {
          "schema_version": 0,
          "attributes": {
            "creation_timestamp": "2024-01-04T01:54:13.220-08:00",
            "description": "",
            "external_ipv6_prefix": "",
            "fingerprint": null,
            "gateway_address": "10.10.0.1",
            "id": "projects/level-district-407913/regions/asia-southeast2/subnetworks/extra-subnet",
            "internal_ipv6_prefix": "",
            "ip_cidr_range": "10.10.0.0/24",
            "ipv6_access_type": "",
            "ipv6_cidr_range": "",
            "log_config": [],
            "name": "extra-subnet",
            "network": "https://www.googleapis.com/compute/v1/projects/level-district-407913/global/networks/default",
            "private_ip_google_access": false,
            "private_ipv6_google_access": "DISABLE_GOOGLE_ACCESS",
            "project": "level-district-407913",
            "purpose": "PRIVATE",
            "region": "asia-southeast2",
            "role": "",
            "secondary_ip_range": [],
            "self_link": "https://www.googleapis.com/compute/v1/projects/level-district-407913/regions/asia-southeast2/subnetworks/extra-subnet",
            "stack_type": "IPV4_ONLY",
            "timeouts": null
          },
          "sensitive_attributes": [],
          "private": "eyJlMmJmYjczMC1lY2FhLTExZTYtOGY4OC0zNDM2M2JjN2M0YzAiOnsiY3JlYXRlIjoxMjAwMDAwMDAwMDAwLCJkZWxldGUiOjEyMDAwMDAwMDAwMDAsInVwZGF0ZSI6MTIwMDAwMDAwMDAwMH19",
          "dependencies": [
            "data.google_compute_network.vpc-default"
          ]
        }
      ]
    },
    {
      "mode": "managed",
      "type": "google_compute_subnetwork",
      "name": "subnet-app-be",
      "provider": "provider[\"registry.terraform.io/hashicorp/google\"]",
      "instances": [
        {
          "schema_version": 0,
          "attributes": {
            "creation_timestamp": "2024-01-03T23:57:05.332-08:00",
            "description": "",
            "external_ipv6_prefix": "",
            "fingerprint": null,
            "gateway_address": "10.3.0.1",
            "id": "projects/level-district-407913/regions/asia-southeast2/subnetworks/subnet-app-be",
            "internal_ipv6_prefix": "",
            "ip_cidr_range": "10.3.0.0/24",
            "ipv6_access_type": "",
            "ipv6_cidr_range": "",
            "log_config": [],
            "name": "subnet-app-be",
            "network": "https://www.googleapis.com/compute/v1/projects/level-district-407913/global/networks/vpc-app",
            "private_ip_google_access": false,
            "private_ipv6_google_access": "DISABLE_GOOGLE_ACCESS",
            "project": "level-district-407913",
            "purpose": "PRIVATE",
            "region": "asia-southeast2",
            "role": "",
            "secondary_ip_range": [],
            "self_link": "https://www.googleapis.com/compute/v1/projects/level-district-407913/regions/asia-southeast2/subnetworks/subnet-app-be",
            "stack_type": "IPV4_ONLY",
            "timeouts": null
          },
          "sensitive_attributes": [],
          "private": "eyJlMmJmYjczMC1lY2FhLTExZTYtOGY4OC0zNDM2M2JjN2M0YzAiOnsiY3JlYXRlIjoxMjAwMDAwMDAwMDAwLCJkZWxldGUiOjEyMDAwMDAwMDAwMDAsInVwZGF0ZSI6MTIwMDAwMDAwMDAwMH19",
          "dependencies": [
            "google_compute_network.vpc-app"
          ]
        }
      ]
    },
    {
      "mode": "managed",
      "type": "google_compute_subnetwork",
      "name": "subnet-app-fe",
      "provider": "provider[\"registry.terraform.io/hashicorp/google\"]",
      "instances": [
        {
          "schema_version": 0,
          "attributes": {
            "creation_timestamp": "2024-01-03T23:57:05.220-08:00",
            "description": "",
            "external_ipv6_prefix": "",
            "fingerprint": null,
            "gateway_address": "10.2.0.1",
            "id": "projects/level-district-407913/regions/asia-southeast2/subnetworks/subnet-app-fe",
            "internal_ipv6_prefix": "",
            "ip_cidr_range": "10.2.0.0/24",
            "ipv6_access_type": "",
            "ipv6_cidr_range": "",
            "log_config": [],
            "name": "subnet-app-fe",
            "network": "https://www.googleapis.com/compute/v1/projects/level-district-407913/global/networks/vpc-app",
            "private_ip_google_access": false,
            "private_ipv6_google_access": "DISABLE_GOOGLE_ACCESS",
            "project": "level-district-407913",
            "purpose": "PRIVATE",
            "region": "asia-southeast2",
            "role": "",
            "secondary_ip_range": [],
            "self_link": "https://www.googleapis.com/compute/v1/projects/level-district-407913/regions/asia-southeast2/subnetworks/subnet-app-fe",
            "stack_type": "IPV4_ONLY",
            "timeouts": null
          },
          "sensitive_attributes": [],
          "private": "eyJlMmJmYjczMC1lY2FhLTExZTYtOGY4OC0zNDM2M2JjN2M0YzAiOnsiY3JlYXRlIjoxMjAwMDAwMDAwMDAwLCJkZWxldGUiOjEyMDAwMDAwMDAwMDAsInVwZGF0ZSI6MTIwMDAwMDAwMDAwMH19",
          "dependencies": [
            "google_compute_network.vpc-app"
          ]
        }
      ]
    }
  ],
  "check_results": null
}
